
Microsoft Visual Studio Solution File, Format Version 12.00
# Visual Studio Version 16
VisualStudioVersion = 16.0.810.11
MinimumVisualStudioVersion = 10.0.40219.1
Project("{FAE04EC0-301F-11D3-BF4B-00C04F79EFBC}") = "Solidex.Core.Base", "Solidex.Core.Base.csproj", "{A0C8D121-1DF4-4302-9284-579A113A9406}"
EndProject
Global
	GlobalSection(SolutionConfigurationPlatforms) = preSolution
		Debug|Any CPU = Debug|Any CPU
		Release|Any CPU = Release|Any CPU
	EndGlobalSection
	GlobalSection(ProjectConfigurationPlatforms) = postSolution
		{A0C8D121-1DF4-4302-9284-579A113A9406}.Debug|Any CPU.ActiveCfg = Debug|Any CPU
		{A0C8D121-1DF4-4302-9284-579A113A9406}.Debug|Any CPU.Build.0 = Debug|Any CPU
		{A0C8D121-1DF4-4302-9284-579A113A9406}.Release|Any CPU.ActiveCfg = Release|Any CPU
		{A0C8D121-1DF4-4302-9284-579A113A9406}.Release|Any CPU.Build.0 = Release|Any CPU
	EndGlobalSection
	GlobalSection(SolutionProperties) = preSolution
		HideSolutionNode = FALSE
	EndGlobalSection
	GlobalSection(ExtensibilityGlobals) = postSolution
		SolutionGuid = {B0040E47-7D61-42C2-AB97-686F906BAA89}
	EndGlobalSection
EndGlobal
